{
  "name": "common",
  "version": "0.0.0",
  "lockfileVersion": 2,
  "requires": true,
  "packages": {
    "": {
      "name": "common",
      "version": "0.0.0",
      "license": "GPL-3.0",
      "dependencies": {
        "isaacscript-tsconfig": "^2.0.0"
      }
    },
    "node_modules/isaacscript-tsconfig": {
      "version": "2.0.0",
      "resolved": "https://registry.npmjs.org/isaacscript-tsconfig/-/isaacscript-tsconfig-2.0.0.tgz",
      "integrity": "sha512-1xxQUKitGicOOfRdUf7TbRjRGIWOM81KJz1ZLo5yBUjfqmtLl1OwmoSpF8GBiAah01uAS6P3pY+goU2BwhSSXw=="
    }
  },
  "dependencies": {
    "isaacscript-tsconfig": {
      "version": "2.0.0",
      "resolved": "https://registry.npmjs.org/isaacscript-tsconfig/-/isaacscript-tsconfig-2.0.0.tgz",
      "integrity": "sha512-1xxQUKitGicOOfRdUf7TbRjRGIWOM81KJz1ZLo5yBUjfqmtLl1OwmoSpF8GBiAah01uAS6P3pY+goU2BwhSSXw=="
    }
  }
}
