{
  "name": "common",
  "version": "0.0.0",
  "lockfileVersion": 2,
  "requires": true,
  "packages": {
    "": {
      "name": "common",
      "version": "0.0.0",
      "license": "GPL-3.0",
      "dependencies": {
        "isaacscript-tsconfig": "^1.1.8"
      }
    },
    "node_modules/isaacscript-tsconfig": {
      "version": "1.1.8",
      "resolved": "https://registry.npmjs.org/isaacscript-tsconfig/-/isaacscript-tsconfig-1.1.8.tgz",
      "integrity": "sha512-gedmaohTkgwZU7ClgE0YIacXPk+FqmMPHXwrguoZ5TXowRwUoaTND3AO2lBE0IYkMm09poX81ZoVv5sE2EuuvA=="
    }
  },
  "dependencies": {
    "isaacscript-tsconfig": {
      "version": "1.1.8",
      "resolved": "https://registry.npmjs.org/isaacscript-tsconfig/-/isaacscript-tsconfig-1.1.8.tgz",
      "integrity": "sha512-gedmaohTkgwZU7ClgE0YIacXPk+FqmMPHXwrguoZ5TXowRwUoaTND3AO2lBE0IYkMm09poX81ZoVv5sE2EuuvA=="
    }
  }
}
